
Microsoft Visual Studio Solution File, Format Version 12.00
# Visual Studio Version 17
VisualStudioVersion = 17.14.36603.0 d17.14
MinimumVisualStudioVersion = 10.0.40219.1
Project("{FAE04EC0-301F-11D3-BF4B-00C04F79EFBC}") = "lab8", "lab8\lab8.csproj", "{06E431E1-40A4-4C49-8F32-D69F44554112}"
EndProject
Project("{FAE04EC0-301F-11D3-BF4B-00C04F79EFBC}") = "lab8Console", "lab8Console\lab8Console.csproj", "{4AAFF751-0C45-41DC-8645-2FA89596EBD8}"
EndProject
Global
	GlobalSection(SolutionConfigurationPlatforms) = preSolution
		Debug|Any CPU = Debug|Any CPU
		Release|Any CPU = Release|Any CPU
	EndGlobalSection
	GlobalSection(ProjectConfigurationPlatforms) = postSolution
		{06E431E1-40A4-4C49-8F32-D69F44554112}.Debug|Any CPU.ActiveCfg = Debug|Any CPU
		{06E431E1-40A4-4C49-8F32-D69F44554112}.Debug|Any CPU.Build.0 = Debug|Any CPU
		{06E431E1-40A4-4C49-8F32-D69F44554112}.Release|Any CPU.ActiveCfg = Release|Any CPU
		{06E431E1-40A4-4C49-8F32-D69F44554112}.Release|Any CPU.Build.0 = Release|Any CPU
		{4AAFF751-0C45-41DC-8645-2FA89596EBD8}.Debug|Any CPU.ActiveCfg = Debug|Any CPU
		{4AAFF751-0C45-41DC-8645-2FA89596EBD8}.Debug|Any CPU.Build.0 = Debug|Any CPU
		{4AAFF751-0C45-41DC-8645-2FA89596EBD8}.Release|Any CPU.ActiveCfg = Release|Any CPU
		{4AAFF751-0C45-41DC-8645-2FA89596EBD8}.Release|Any CPU.Build.0 = Release|Any CPU
	EndGlobalSection
	GlobalSection(SolutionProperties) = preSolution
		HideSolutionNode = FALSE
	EndGlobalSection
	GlobalSection(ExtensibilityGlobals) = postSolution
		SolutionGuid = {92A28E5D-EBB6-4D0B-AD5D-BFB171584358}
	EndGlobalSection
EndGlobal
