
Microsoft Visual Studio Solution File, Format Version 12.00
# Visual Studio Version 17
VisualStudioVersion = 17.14.36429.23 d17.14
MinimumVisualStudioVersion = 10.0.40219.1
Project("{FAE04EC0-301F-11D3-BF4B-00C04F79EFBC}") = "lab3-1", "lab3-1\lab3-1.csproj", "{1271AF41-2526-48F8-9BB8-C984CEE4B048}"
EndProject
Project("{FAE04EC0-301F-11D3-BF4B-00C04F79EFBC}") = "lab3-2", "lab3-2\lab3-2.csproj", "{23452F03-0A18-475D-A242-CF40BAA085F5}"
EndProject
Project("{FAE04EC0-301F-11D3-BF4B-00C04F79EFBC}") = "lab3-3", "lab3-3\lab3-3.csproj", "{593D35B7-B78A-42E0-B4EA-2604E7AA75A3}"
EndProject
Global
	GlobalSection(SolutionConfigurationPlatforms) = preSolution
		Debug|Any CPU = Debug|Any CPU
		Release|Any CPU = Release|Any CPU
	EndGlobalSection
	GlobalSection(ProjectConfigurationPlatforms) = postSolution
		{1271AF41-2526-48F8-9BB8-C984CEE4B048}.Debug|Any CPU.ActiveCfg = Debug|Any CPU
		{1271AF41-2526-48F8-9BB8-C984CEE4B048}.Debug|Any CPU.Build.0 = Debug|Any CPU
		{1271AF41-2526-48F8-9BB8-C984CEE4B048}.Release|Any CPU.ActiveCfg = Release|Any CPU
		{1271AF41-2526-48F8-9BB8-C984CEE4B048}.Release|Any CPU.Build.0 = Release|Any CPU
		{23452F03-0A18-475D-A242-CF40BAA085F5}.Debug|Any CPU.ActiveCfg = Debug|Any CPU
		{23452F03-0A18-475D-A242-CF40BAA085F5}.Debug|Any CPU.Build.0 = Debug|Any CPU
		{23452F03-0A18-475D-A242-CF40BAA085F5}.Release|Any CPU.ActiveCfg = Release|Any CPU
		{23452F03-0A18-475D-A242-CF40BAA085F5}.Release|Any CPU.Build.0 = Release|Any CPU
		{593D35B7-B78A-42E0-B4EA-2604E7AA75A3}.Debug|Any CPU.ActiveCfg = Debug|Any CPU
		{593D35B7-B78A-42E0-B4EA-2604E7AA75A3}.Debug|Any CPU.Build.0 = Debug|Any CPU
		{593D35B7-B78A-42E0-B4EA-2604E7AA75A3}.Release|Any CPU.ActiveCfg = Release|Any CPU
		{593D35B7-B78A-42E0-B4EA-2604E7AA75A3}.Release|Any CPU.Build.0 = Release|Any CPU
	EndGlobalSection
	GlobalSection(SolutionProperties) = preSolution
		HideSolutionNode = FALSE
	EndGlobalSection
	GlobalSection(ExtensibilityGlobals) = postSolution
		SolutionGuid = {F08ED8E9-EFBB-4435-994C-55F278A19381}
	EndGlobalSection
EndGlobal
